// !$*UTF8*$!
{
	archiveVersion = 1;
	classes = {
	};
	objectVersion = 50;
	objects = {

/* Begin PBXBuildFile section */
		4E5BDAED25368C2400227D0A /* AppDelegate.swift in Sources */ = {isa = PBXBuildFile; fileRef = 4E5BDAEC25368C2400227D0A /* AppDelegate.swift */; };
		4E5BDAEF25368C2400227D0A /* SceneDelegate.swift in Sources */ = {isa = PBXBuildFile; fileRef = 4E5BDAEE25368C2400227D0A /* SceneDelegate.swift */; };
		4E5BDAF125368C2400227D0A /* ViewController.swift in Sources */ = {isa = PBXBuildFile; fileRef = 4E5BDAF025368C2400227D0A /* ViewController.swift */; };
		4E5BDAF425368C2400227D0A /* Main.storyboard in Resources */ = {isa = PBXBuildFile; fileRef = 4E5BDAF225368C2400227D0A /* Main.storyboard */; };
		4E5BDAF625368C2500227D0A /* Assets.xcassets in Resources */ = {isa = PBXBuildFile; fileRef = 4E5BDAF525368C2500227D0A /* Assets.xcassets */; };
		4E5BDAF925368C2500227D0A /* LaunchScreen.storyboard in Resources */ = {isa = PBXBuildFile; fileRef = 4E5BDAF725368C2500227D0A /* LaunchScreen.storyboard */; };
		4E5BDB0425368C2500227D0A /* secondKadaiAppTests.swift in Sources */ = {isa = PBXBuildFile; fileRef = 4E5BDB0325368C2500227D0A /* secondKadaiAppTests.swift */; };
		4E5BDB0F25368C2500227D0A /* secondKadaiAppUITests.swift in Sources */ = {isa = PBXBuildFile; fileRef = 4E5BDB0E25368C2500227D0A /* secondKadaiAppUITests.swift */; };
/* End PBXBuildFile section */

/* Begin PBXContainerItemProxy section */
		4E5BDB0025368C2500227D0A /* PBXContainerItemProxy */ = {
			isa = PBXContainerItemProxy;
			containerPortal = 4E5BDAE125368C2400227D0A /* Project object */;
			proxyType = 1;
			remoteGlobalIDString = 4E5BDAE825368C2400227D0A;
			remoteInfo = secondKadaiApp;
		};
		4E5BDB0B25368C2500227D0A /* PBXContainerItemProxy */ = {
			isa = PBXContainerItemProxy;
			containerPortal = 4E5BDAE125368C2400227D0A /* Project object */;
			proxyType = 1;
			remoteGlobalIDString = 4E5BDAE825368C2400227D0A;
			remoteInfo = secondKadaiApp;
		};
/* End PBXContainerItemProxy section */

/* Begin PBXFileReference section */
		4E5BDAE925368C2400227D0A /* secondKadaiApp.app */ = {isa = PBXFileReference; explicitFileType = wrapper.application; includeInIndex = 0; path = secondKadaiApp.app; sourceTree = BUILT_PRODUCTS_DIR; };
		4E5BDAEC25368C2400227D0A /* AppDelegate.swift */ = {isa = PBXFileReference; lastKnownFileType = sourcecode.swift; path = AppDelegate.swift; sourceTree = "<group>"; };
		4E5BDAEE25368C2400227D0A /* SceneDelegate.swift */ = {isa = PBXFileReference; lastKnownFileType = sourcecode.swift; path = SceneDelegate.swift; sourceTree = "<group>"; };
		4E5BDAF025368C2400227D0A /* ViewController.swift */ = {isa = PBXFileReference; lastKnownFileType = sourcecode.swift; path = ViewController.swift; sourceTree = "<group>"; };
		4E5BDAF325368C2400227D0A /* Base */ = {isa = PBXFileReference; lastKnownFileType = file.storyboard; name = Base; path = Base.lproj/Main.storyboard; sourceTree = "<group>"; };
		4E5BDAF525368C2500227D0A /* Assets.xcassets */ = {isa = PBXFileReference; lastKnownFileType = folder.assetcatalog; path = Assets.xcassets; sourceTree = "<group>"; };
		4E5BDAF825368C2500227D0A /* Base */ = {isa = PBXFileReference; lastKnownFileType = file.storyboard; name = Base; path = Base.lproj/LaunchScreen.storyboard; sourceTree = "<group>"; };
		4E5BDAFA25368C2500227D0A /* Info.plist */ = {isa = PBXFileReference; lastKnownFileType = text.plist.xml; path = Info.plist; sourceTree = "<group>"; };
		4E5BDAFF25368C2500227D0A /* secondKadaiAppTests.xctest */ = {isa = PBXFileReference; explicitFileType = wrapper.cfbundle; includeInIndex = 0; path = secondKadaiAppTests.xctest; sourceTree = BUILT_PRODUCTS_DIR; };
		4E5BDB0325368C2500227D0A /* secondKadaiAppTests.swift */ = {isa = PBXFileReference; lastKnownFileType = sourcecode.swift; path = secondKadaiAppTests.swift; sourceTree = "<group>"; };
		4E5BDB0525368C2500227D0A /* Info.plist */ = {isa = PBXFileReference; lastKnownFileType = text.plist.xml; path = Info.plist; sourceTree = "<group>"; };
		4E5BDB0A25368C2500227D0A /* secondKadaiAppUITests.xctest */ = {isa = PBXFileReference; explicitFileType = wrapper.cfbundle; includeInIndex = 0; path = secondKadaiAppUITests.xctest; sourceTree = BUILT_PRODUCTS_DIR; };
		4E5BDB0E25368C2500227D0A /* secondKadaiAppUITests.swift */ = {isa = PBXFileReference; lastKnownFileType = sourcecode.swift; path = secondKadaiAppUITests.swift; sourceTree = "<group>"; };
		4E5BDB1025368C2500227D0A /* Info.plist */ = {isa = PBXFileReference; lastKnownFileType = text.plist.xml; path = Info.plist; sourceTree = "<group>"; };
/* End PBXFileReference section */

/* Begin PBXFrameworksBuildPhase section */
		4E5BDAE625368C2400227D0A /* Frameworks */ = {
			isa = PBXFrameworksBuildPhase;
			buildActionMask = 2147483647;
			files = (
			);
			runOnlyForDeploymentPostprocessing = 0;
		};
		4E5BDAFC25368C2500227D0A /* Frameworks */ = {
			isa = PBXFrameworksBuildPhase;
			buildActionMask = 2147483647;
			files = (
			);
			runOnlyForDeploymentPostprocessing = 0;
		};
		4E5BDB0725368C2500227D0A /* Frameworks */ = {
			isa = PBXFrameworksBuildPhase;
			buildActionMask = 2147483647;
			files = (
			);
			runOnlyForDeploymentPostprocessing = 0;
		};
/* End PBXFrameworksBuildPhase section */

/* Begin PBXGroup section */
		4E5BDAE025368C2400227D0A = {
			isa = PBXGroup;
			children = (
				4E5BDAEB25368C2400227D0A /* secondKadaiApp */,
				4E5BDB0225368C2500227D0A /* secondKadaiAppTests */,
				4E5BDB0D25368C2500227D0A /* secondKadaiAppUITests */,
				4E5BDAEA25368C2400227D0A /* Products */,
			);
			sourceTree = "<group>";
		};
		4E5BDAEA25368C2400227D0A /* Products */ = {
			isa = PBXGroup;
			children = (
				4E5BDAE925368C2400227D0A /* secondKadaiApp.app */,
				4E5BDAFF25368C2500227D0A /* secondKadaiAppTests.xctest */,
				4E5BDB0A25368C2500227D0A /* secondKadaiAppUITests.xctest */,
			);
			name = Products;
			sourceTree = "<group>";
		};
		4E5BDAEB25368C2400227D0A /* secondKadaiApp */ = {
			isa = PBXGroup;
			children = (
				4E5BDAEC25368C2400227D0A /* AppDelegate.swift */,
				4E5BDAEE25368C2400227D0A /* SceneDelegate.swift */,
				4E5BDAF025368C2400227D0A /* ViewController.swift */,
				4E5BDAF225368C2400227D0A /* Main.storyboard */,
				4E5BDAF525368C2500227D0A /* Assets.xcassets */,
				4E5BDAF725368C2500227D0A /* LaunchScreen.storyboard */,
				4E5BDAFA25368C2500227D0A /* Info.plist */,
			);
			path = secondKadaiApp;
			sourceTree = "<group>";
		};
		4E5BDB0225368C2500227D0A /* secondKadaiAppTests */ = {
			isa = PBXGroup;
			children = (
				4E5BDB0325368C2500227D0A /* secondKadaiAppTests.swift */,
				4E5BDB0525368C2500227D0A /* Info.plist */,
			);
			path = secondKadaiAppTests;
			sourceTree = "<group>";
		};
		4E5BDB0D25368C2500227D0A /* secondKadaiAppUITests */ = {
			isa = PBXGroup;
			children = (
				4E5BDB0E25368C2500227D0A /* secondKadaiAppUITests.swift */,
				4E5BDB1025368C2500227D0A /* Info.plist */,
			);
			path = secondKadaiAppUITests;
			sourceTree = "<group>";
		};
/* End PBXGroup section */

/* Begin PBXNativeTarget section */
		4E5BDAE825368C2400227D0A /* secondKadaiApp */ = {
			isa = PBXNativeTarget;
			buildConfigurationList = 4E5BDB1325368C2500227D0A /* Build configuration list for PBXNativeTarget "secondKadaiApp" */;
			buildPhases = (
				4E5BDAE525368C2400227D0A /* Sources */,
				4E5BDAE625368C2400227D0A /* Frameworks */,
				4E5BDAE725368C2400227D0A /* Resources */,
			);
			buildRules = (
			);
			dependencies = (
			);
			name = secondKadaiApp;
			productName = secondKadaiApp;
			productReference = 4E5BDAE925368C2400227D0A /* secondKadaiApp.app */;
			productType = "com.apple.product-type.application";
		};
		4E5BDAFE25368C2500227D0A /* secondKadaiAppTests */ = {
			isa = PBXNativeTarget;
			buildConfigurationList = 4E5BDB1625368C2500227D0A /* Build configuration list for PBXNativeTarget "secondKadaiAppTests" */;
			buildPhases = (
				4E5BDAFB25368C2500227D0A /* Sources */,
				4E5BDAFC25368C2500227D0A /* Frameworks */,
				4E5BDAFD25368C2500227D0A /* Resources */,
			);
			buildRules = (
			);
			dependencies = (
				4E5BDB0125368C2500227D0A /* PBXTargetDependency */,
			);
			name = secondKadaiAppTests;
			productName = secondKadaiAppTests;
			productReference = 4E5BDAFF25368C2500227D0A /* secondKadaiAppTests.xctest */;
			productType = "com.apple.product-type.bundle.unit-test";
		};
		4E5BDB0925368C2500227D0A /* secondKadaiAppUITests */ = {
			isa = PBXNativeTarget;
			buildConfigurationList = 4E5BDB1925368C2500227D0A /* Build configuration list for PBXNativeTarget "secondKadaiAppUITests" */;
			buildPhases = (
				4E5BDB0625368C2500227D0A /* Sources */,
				4E5BDB0725368C2500227D0A /* Frameworks */,
				4E5BDB0825368C2500227D0A /* Resources */,
			);
			buildRules = (
			);
			dependencies = (
				4E5BDB0C25368C2500227D0A /* PBXTargetDependency */,
			);
			name = secondKadaiAppUITests;
			productName = secondKadaiAppUITests;
			productReference = 4E5BDB0A25368C2500227D0A /* secondKadaiAppUITests.xctest */;
			productType = "com.apple.product-type.bundle.ui-testing";
		};
/* End PBXNativeTarget section */

/* Begin PBXProject section */
		4E5BDAE125368C2400227D0A /* Project object */ = {
			isa = PBXProject;
			attributes = {
				LastSwiftUpdateCheck = 1150;
				LastUpgradeCheck = 1150;
				ORGANIZATIONNAME = yanata.denmai;
				TargetAttributes = {
					4E5BDAE825368C2400227D0A = {
						CreatedOnToolsVersion = 11.5;
					};
					4E5BDAFE25368C2500227D0A = {
						CreatedOnToolsVersion = 11.5;
						TestTargetID = 4E5BDAE825368C2400227D0A;
					};
					4E5BDB0925368C2500227D0A = {
						CreatedOnToolsVersion = 11.5;
						TestTargetID = 4E5BDAE825368C2400227D0A;
					};
				};
			};
			buildConfigurationList = 4E5BDAE425368C2400227D0A /* Build configuration list for PBXProject "secondKadaiApp" */;
			compatibilityVersion = "Xcode 9.3";
			developmentRegion = en;
			hasScannedForEncodings = 0;
			knownRegions = (
				en,
				Base,
			);
			mainGroup = 4E5BDAE025368C2400227D0A;
			productRefGroup = 4E5BDAEA25368C2400227D0A /* Products */;
			projectDirPath = "";
			projectRoot = "";
			targets = (
				4E5BDAE825368C2400227D0A /* secondKadaiApp */,
				4E5BDAFE25368C2500227D0A /* secondKadaiAppTests */,
				4E5BDB0925368C2500227D0A /* secondKadaiAppUITests */,
			);
		};
/* End PBXProject section */

/* Begin PBXResourcesBuildPhase section */
		4E5BDAE725368C2400227D0A /* Resources */ = {
			isa = PBXResourcesBuildPhase;
			buildActionMask = 2147483647;
			files = (
				4E5BDAF925368C2500227D0A /* LaunchScreen.storyboard in Resources */,
				4E5BDAF625368C2500227D0A /* Assets.xcassets in Resources */,
				4E5BDAF425368C2400227D0A /* Main.storyboard in Resources */,
			);
			runOnlyForDeploymentPostprocessing = 0;
		};
		4E5BDAFD25368C2500227D0A /* Resources */ = {
			isa = PBXResourcesBuildPhase;
			buildActionMask = 2147483647;
			files = (
			);
			runOnlyForDeploymentPostprocessing = 0;
		};
		4E5BDB0825368C2500227D0A /* Resources */ = {
			isa = PBXResourcesBuildPhase;
			buildActionMask = 2147483647;
			files = (
			);
			runOnlyForDeploymentPostprocessing = 0;
		};
/* End PBXResourcesBuildPhase section */

/* Begin PBXSourcesBuildPhase section */
		4E5BDAE525368C2400227D0A /* Sources */ = {
			isa = PBXSourcesBuildPhase;
			buildActionMask = 2147483647;
			files = (
				4E5BDAF125368C2400227D0A /* ViewController.swift in Sources */,
				4E5BDAED25368C2400227D0A /* AppDelegate.swift in Sources */,
				4E5BDAEF25368C2400227D0A /* SceneDelegate.swift in Sources */,
			);
			runOnlyForDeploymentPostprocessing = 0;
		};
		4E5BDAFB25368C2500227D0A /* Sources */ = {
			isa = PBXSourcesBuildPhase;
			buildActionMask = 2147483647;
			files = (
				4E5BDB0425368C2500227D0A /* secondKadaiAppTests.swift in Sources */,
			);
			runOnlyForDeploymentPostprocessing = 0;
		};
		4E5BDB0625368C2500227D0A /* Sources */ = {
			isa = PBXSourcesBuildPhase;
			buildActionMask = 2147483647;
			files = (
				4E5BDB0F25368C2500227D0A /* secondKadaiAppUITests.swift in Sources */,
			);
			runOnlyForDeploymentPostprocessing = 0;
		};
/* End PBXSourcesBuildPhase section */

/* Begin PBXTargetDependency section */
		4E5BDB0125368C2500227D0A /* PBXTargetDependency */ = {
			isa = PBXTargetDependency;
			target = 4E5BDAE825368C2400227D0A /* secondKadaiApp */;
			targetProxy = 4E5BDB0025368C2500227D0A /* PBXContainerItemProxy */;
		};
		4E5BDB0C25368C2500227D0A /* PBXTargetDependency */ = {
			isa = PBXTargetDependency;
			target = 4E5BDAE825368C2400227D0A /* secondKadaiApp */;
			targetProxy = 4E5BDB0B25368C2500227D0A /* PBXContainerItemProxy */;
		};
/* End PBXTargetDependency section */

/* Begin PBXVariantGroup section */
		4E5BDAF225368C2400227D0A /* Main.storyboard */ = {
			isa = PBXVariantGroup;
			children = (
				4E5BDAF325368C2400227D0A /* Base */,
			);
			name = Main.storyboard;
			sourceTree = "<group>";
		};
		4E5BDAF725368C2500227D0A /* LaunchScreen.storyboard */ = {
			isa = PBXVariantGroup;
			children = (
				4E5BDAF825368C2500227D0A /* Base */,
			);
			name = LaunchScreen.storyboard;
			sourceTree = "<group>";
		};
/* End PBXVariantGroup section */

/* Begin XCBuildConfiguration section */
		4E5BDB1125368C2500227D0A /* Debug */ = {
			isa = XCBuildConfiguration;
			buildSettings = {
				ALWAYS_SEARCH_USER_PATHS = NO;
				CLANG_ANALYZER_NONNULL = YES;
				CLANG_ANALYZER_NUMBER_OBJECT_CONVERSION = YES_AGGRESSIVE;
				CLANG_CXX_LANGUAGE_STANDARD = "gnu++14";
				CLANG_CXX_LIBRARY = "libc++";
				CLANG_ENABLE_MODULES = YES;
				CLANG_ENABLE_OBJC_ARC = YES;
				CLANG_ENABLE_OBJC_WEAK = YES;
				CLANG_WARN_BLOCK_CAPTURE_AUTORELEASING = YES;
				CLANG_WARN_BOOL_CONVERSION = YES;
				CLANG_WARN_COMMA = YES;
				CLANG_WARN_CONSTANT_CONVERSION = YES;
				CLANG_WARN_DEPRECATED_OBJC_IMPLEMENTATIONS = YES;
				CLANG_WARN_DIRECT_OBJC_ISA_USAGE = YES_ERROR;
				CLANG_WARN_DOCUMENTATION_COMMENTS = YES;
				CLANG_WARN_EMPTY_BODY = YES;
				CLANG_WARN_ENUM_CONVERSION = YES;
				CLANG_WARN_INFINITE_RECURSION = YES;
				CLANG_WARN_INT_CONVERSION = YES;
				CLANG_WARN_NON_LITERAL_NULL_CONVERSION = YES;
				CLANG_WARN_OBJC_IMPLICIT_RETAIN_SELF = YES;
				CLANG_WARN_OBJC_LITERAL_CONVERSION = YES;
				CLANG_WARN_OBJC_ROOT_CLASS = YES_ERROR;
				CLANG_WARN_RANGE_LOOP_ANALYSIS = YES;
				CLANG_WARN_STRICT_PROTOTYPES = YES;
				CLANG_WARN_SUSPICIOUS_MOVE = YES;
				CLANG_WARN_UNGUARDED_AVAILABILITY = YES_AGGRESSIVE;
				CLANG_WARN_UNREACHABLE_CODE = YES;
				CLANG_WARN__DUPLICATE_METHOD_MATCH = YES;
				COPY_PHASE_STRIP = NO;
				DEBUG_INFORMATION_FORMAT = dwarf;
				ENABLE_STRICT_OBJC_MSGSEND = YES;
				ENABLE_TESTABILITY = YES;
				GCC_C_LANGUAGE_STANDARD = gnu11;
				GCC_DYNAMIC_NO_PIC = NO;
				GCC_NO_COMMON_BLOCKS = YES;
				GCC_OPTIMIZATION_LEVEL = 0;
				GCC_PREPROCESSOR_DEFINITIONS = (
					"DEBUG=1",
					"$(inherited)",
				);
				GCC_WARN_64_TO_32_BIT_CONVERSION = YES;
				GCC_WARN_ABOUT_RETURN_TYPE = YES_ERROR;
				GCC_WARN_UNDECLARED_SELECTOR = YES;
				GCC_WARN_UNINITIALIZED_AUTOS = YES_AGGRESSIVE;
				GCC_WARN_UNUSED_FUNCTION = YES;
				GCC_WARN_UNUSED_VARIABLE = YES;
				IPHONEOS_DEPLOYMENT_TARGET = 13.5;
				MTL_ENABLE_DEBUG_INFO = INCLUDE_SOURCE;
				MTL_FAST_MATH = YES;
				ONLY_ACTIVE_ARCH = YES;
				SDKROOT = iphoneos;
				SWIFT_ACTIVE_COMPILATION_CONDITIONS = DEBUG;
				SWIFT_OPTIMIZATION_LEVEL = "-Onone";
			};
			name = Debug;
		};
		4E5BDB1225368C2500227D0A /* Release */ = {
			isa = XCBuildConfiguration;
			buildSettings = {
				ALWAYS_SEARCH_USER_PATHS = NO;
				CLANG_ANALYZER_NONNULL = YES;
				CLANG_ANALYZER_NUMBER_OBJECT_CONVERSION = YES_AGGRESSIVE;
				CLANG_CXX_LANGUAGE_STANDARD = "gnu++14";
				CLANG_CXX_LIBRARY = "libc++";
				CLANG_ENABLE_MODULES = YES;
				CLANG_ENABLE_OBJC_ARC = YES;
				CLANG_ENABLE_OBJC_WEAK = YES;
				CLANG_WARN_BLOCK_CAPTURE_AUTORELEASING = YES;
				CLANG_WARN_BOOL_CONVERSION = YES;
				CLANG_WARN_COMMA = YES;
				CLANG_WARN_CONSTANT_CONVERSION = YES;
				CLANG_WARN_DEPRECATED_OBJC_IMPLEMENTATIONS = YES;
				CLANG_WARN_DIRECT_OBJC_ISA_USAGE = YES_ERROR;
				CLANG_WARN_DOCUMENTATION_COMMENTS = YES;
				CLANG_WARN_EMPTY_BODY = YES;
				CLANG_WARN_ENUM_CONVERSION = YES;
				CLANG_WARN_INFINITE_RECURSION = YES;
				CLANG_WARN_INT_CONVERSION = YES;
				CLANG_WARN_NON_LITERAL_NULL_CONVERSION = YES;
				CLANG_WARN_OBJC_IMPLICIT_RETAIN_SELF = YES;
				CLANG_WARN_OBJC_LITERAL_CONVERSION = YES;
				CLANG_WARN_OBJC_ROOT_CLASS = YES_ERROR;
				CLANG_WARN_RANGE_LOOP_ANALYSIS = YES;
				CLANG_WARN_STRICT_PROTOTYPES = YES;
				CLANG_WARN_SUSPICIOUS_MOVE = YES;
				CLANG_WARN_UNGUARDED_AVAILABILITY = YES_AGGRESSIVE;
				CLANG_WARN_UNREACHABLE_CODE = YES;
				CLANG_WARN__DUPLICATE_METHOD_MATCH = YES;
				COPY_PHASE_STRIP = NO;
				DEBUG_INFORMATION_FORMAT = "dwarf-with-dsym";
				ENABLE_NS_ASSERTIONS = NO;
				ENABLE_STRICT_OBJC_MSGSEND = YES;
				GCC_C_LANGUAGE_STANDARD = gnu11;
				GCC_NO_COMMON_BLOCKS = YES;
				GCC_WARN_64_TO_32_BIT_CONVERSION = YES;
				GCC_WARN_ABOUT_RETURN_TYPE = YES_ERROR;
				GCC_WARN_UNDECLARED_SELECTOR = YES;
				GCC_WARN_UNINITIALIZED_AUTOS = YES_AGGRESSIVE;
				GCC_WARN_UNUSED_FUNCTION = YES;
				GCC_WARN_UNUSED_VARIABLE = YES;
				IPHONEOS_DEPLOYMENT_TARGET = 13.5;
				MTL_ENABLE_DEBUG_INFO = NO;
				MTL_FAST_MATH = YES;
				SDKROOT = iphoneos;
				SWIFT_COMPILATION_MODE = wholemodule;
				SWIFT_OPTIMIZATION_LEVEL = "-O";
				VALIDATE_PRODUCT = YES;
			};
			name = Release;
		};
		4E5BDB1425368C2500227D0A /* Debug */ = {
			isa = XCBuildConfiguration;
			buildSettings = {
				ASSETCATALOG_COMPILER_APPICON_NAME = AppIcon;
				CODE_SIGN_STYLE = Automatic;
				INFOPLIST_FILE = secondKadaiApp/Info.plist;
				LD_RUNPATH_SEARCH_PATHS = (
					"$(inherited)",
					"@executable_path/Frameworks",
				);
				PRODUCT_BUNDLE_IDENTIFIER = yanata.denmai.secondKadaiApp;
				PRODUCT_NAME = "$(TARGET_NAME)";
				SWIFT_VERSION = 5.0;
				TARGETED_DEVICE_FAMILY = "1,2";
			};
			name = Debug;
		};
		4E5BDB1525368C2500227D0A /* Release */ = {
			isa = XCBuildConfiguration;
			buildSettings = {
				ASSETCATALOG_COMPILER_APPICON_NAME = AppIcon;
				CODE_SIGN_STYLE = Automatic;
				INFOPLIST_FILE = secondKadaiApp/Info.plist;
				LD_RUNPATH_SEARCH_PATHS = (
					"$(inherited)",
					"@executable_path/Frameworks",
				);
				PRODUCT_BUNDLE_IDENTIFIER = yanata.denmai.secondKadaiApp;
				PRODUCT_NAME = "$(TARGET_NAME)";
				SWIFT_VERSION = 5.0;
				TARGETED_DEVICE_FAMILY = "1,2";
			};
			name = Release;
		};
		4E5BDB1725368C2500227D0A /* Debug */ = {
			isa = XCBuildConfiguration;
			buildSettings = {
				ALWAYS_EMBED_SWIFT_STANDARD_LIBRARIES = YES;
				BUNDLE_LOADER = "$(TEST_HOST)";
				CODE_SIGN_STYLE = Automatic;
				INFOPLIST_FILE = secondKadaiAppTests/Info.plist;
				IPHONEOS_DEPLOYMENT_TARGET = 13.5;
				LD_RUNPATH_SEARCH_PATHS = (
					"$(inherited)",
					"@executable_path/Frameworks",
					"@loader_path/Frameworks",
				);
				PRODUCT_BUNDLE_IDENTIFIER = yanata.denmai.secondKadaiAppTests;
				PRODUCT_NAME = "$(TARGET_NAME)";
				SWIFT_VERSION = 5.0;
				TARGETED_DEVICE_FAMILY = "1,2";
				TEST_HOST = "$(BUILT_PRODUCTS_DIR)/secondKadaiApp.app/secondKadaiApp";
			};
			name = Debug;
		};
		4E5BDB1825368C2500227D0A /* Release */ = {
			isa = XCBuildConfiguration;
			buildSettings = {
				ALWAYS_EMBED_SWIFT_STANDARD_LIBRARIES = YES;
				BUNDLE_LOADER = "$(TEST_HOST)";
				CODE_SIGN_STYLE = Automatic;
				INFOPLIST_FILE = secondKadaiAppTests/Info.plist;
				IPHONEOS_DEPLOYMENT_TARGET = 13.5;
				LD_RUNPATH_SEARCH_PATHS = (
					"$(inherited)",
					"@executable_path/Frameworks",
					"@loader_path/Frameworks",
				);
				PRODUCT_BUNDLE_IDENTIFIER = yanata.denmai.secondKadaiAppTests;
				PRODUCT_NAME = "$(TARGET_NAME)";
				SWIFT_VERSION = 5.0;
				TARGETED_DEVICE_FAMILY = "1,2";
				TEST_HOST = "$(BUILT_PRODUCTS_DIR)/secondKadaiApp.app/secondKadaiApp";
			};
			name = Release;
		};
		4E5BDB1A25368C2500227D0A /* Debug */ = {
			isa = XCBuildConfiguration;
			buildSettings = {
				ALWAYS_EMBED_SWIFT_STANDARD_LIBRARIES = YES;
				CODE_SIGN_STYLE = Automatic;
				INFOPLIST_FILE = secondKadaiAppUITests/Info.plist;
				LD_RUNPATH_SEARCH_PATHS = (
					"$(inherited)",
					"@executable_path/Frameworks",
					"@loader_path/Frameworks",
				);
				PRODUCT_BUNDLE_IDENTIFIER = yanata.denmai.secondKadaiAppUITests;
				PRODUCT_NAME = "$(TARGET_NAME)";
				SWIFT_VERSION = 5.0;
				TARGETED_DEVICE_FAMILY = "1,2";
				TEST_TARGET_NAME = secondKadaiApp;
			};
			name = Debug;
		};
		4E5BDB1B25368C2500227D0A /* Release */ = {
			isa = XCBuildConfiguration;
			buildSettings = {
				ALWAYS_EMBED_SWIFT_STANDARD_LIBRARIES = YES;
				CODE_SIGN_STYLE = Automatic;
				INFOPLIST_FILE = secondKadaiAppUITests/Info.plist;
				LD_RUNPATH_SEARCH_PATHS = (
					"$(inherited)",
					"@executable_path/Frameworks",
					"@loader_path/Frameworks",
				);
				PRODUCT_BUNDLE_IDENTIFIER = yanata.denmai.secondKadaiAppUITests;
				PRODUCT_NAME = "$(TARGET_NAME)";
				SWIFT_VERSION = 5.0;
				TARGETED_DEVICE_FAMILY = "1,2";
				TEST_TARGET_NAME = secondKadaiApp;
			};
			name = Release;
		};
/* End XCBuildConfiguration section */

/* Begin XCConfigurationList section */
		4E5BDAE425368C2400227D0A /* Build configuration list for PBXProject "secondKadaiApp" */ = {
			isa = XCConfigurationList;
			buildConfigurations = (
				4E5BDB1125368C2500227D0A /* Debug */,
				4E5BDB1225368C2500227D0A /* Release */,
			);
			defaultConfigurationIsVisible = 0;
			defaultConfigurationName = Release;
		};
		4E5BDB1325368C2500227D0A /* Build configuration list for PBXNativeTarget "secondKadaiApp" */ = {
			isa = XCConfigurationList;
			buildConfigurations = (
				4E5BDB1425368C2500227D0A /* Debug */,
				4E5BDB1525368C2500227D0A /* Release */,
			);
			defaultConfigurationIsVisible = 0;
			defaultConfigurationName = Release;
		};
		4E5BDB1625368C2500227D0A /* Build configuration list for PBXNativeTarget "secondKadaiAppTests" */ = {
			isa = XCConfigurationList;
			buildConfigurations = (
				4E5BDB1725368C2500227D0A /* Debug */,
				4E5BDB1825368C2500227D0A /* Release */,
			);
			defaultConfigurationIsVisible = 0;
			defaultConfigurationName = Release;
		};
		4E5BDB1925368C2500227D0A /* Build configuration list for PBXNativeTarget "secondKadaiAppUITests" */ = {
			isa = XCConfigurationList;
			buildConfigurations = (
				4E5BDB1A25368C2500227D0A /* Debug */,
				4E5BDB1B25368C2500227D0A /* Release */,
			);
			defaultConfigurationIsVisible = 0;
			defaultConfigurationName = Release;
		};
/* End XCConfigurationList section */
	};
	rootObject = 4E5BDAE125368C2400227D0A /* Project object */;
}
